// !$*UTF8*$!
{
	archiveVersion = 1;
	classes = {
	};
	objectVersion = 46;
	objects = {

/* Begin PBXBuildFile section */
		01ABC67E25473D3A00E08B59 /* UIView+Extension.swift in Sources */ = {isa = PBXBuildFile; fileRef = 01ABC67D25473D3A00E08B59 /* UIView+Extension.swift */; };
		9001DEBF1E5F79F2009CEE29 /* GlobalData.swift in Sources */ = {isa = PBXBuildFile; fileRef = 9001DEBE1E5F79F2009CEE29 /* GlobalData.swift */; };
		900A311F1E5E24D800D38D6C /* CustomButton.swift in Sources */ = {isa = PBXBuildFile; fileRef = 900A311E1E5E24D800D38D6C /* CustomButton.swift */; };
		900A31211E5E2BD000D38D6C /* CustomizeVC.swift in Sources */ = {isa = PBXBuildFile; fileRef = 900A31201E5E2BD000D38D6C /* CustomizeVC.swift */; };
		900A31271E5E341600D38D6C /* CustomTextField.swift in Sources */ = {isa = PBXBuildFile; fileRef = 900A31261E5E341600D38D6C /* CustomTextField.swift */; };
		9012A5BE20276B5200DAC8DE /* ItemCell.swift in Sources */ = {isa = PBXBuildFile; fileRef = 9012A5BD20276B5200DAC8DE /* ItemCell.swift */; };
		9019BE6A1E3BB48400DDAE1D /* AppDelegate.swift in Sources */ = {isa = PBXBuildFile; fileRef = 9019BE691E3BB48400DDAE1D /* AppDelegate.swift */; };
		9019BE6C1E3BB48400DDAE1D /* NumbersVC.swift in Sources */ = {isa = PBXBuildFile; fileRef = 9019BE6B1E3BB48400DDAE1D /* NumbersVC.swift */; };
		9019BE6F1E3BB48400DDAE1D /* Main.storyboard in Resources */ = {isa = PBXBuildFile; fileRef = 9019BE6D1E3BB48400DDAE1D /* Main.storyboard */; };
		9019BE711E3BB48400DDAE1D /* Assets.xcassets in Resources */ = {isa = PBXBuildFile; fileRef = 9019BE701E3BB48400DDAE1D /* Assets.xcassets */; };
		9019BE741E3BB48400DDAE1D /* LaunchScreen.storyboard in Resources */ = {isa = PBXBuildFile; fileRef = 9019BE721E3BB48400DDAE1D /* LaunchScreen.storyboard */; };
		906A37A51E60530500FA0AB4 /* IntExtension.swift in Sources */ = {isa = PBXBuildFile; fileRef = 906A37A41E60530500FA0AB4 /* IntExtension.swift */; };
		906A37A71E60641E00FA0AB4 /* Lato-Bold.ttf in Resources */ = {isa = PBXBuildFile; fileRef = 906A37A61E60641E00FA0AB4 /* Lato-Bold.ttf */; };
		90A3CFDD1EADE340008D50BF /* Ubuntu-Bold.ttf in Resources */ = {isa = PBXBuildFile; fileRef = 90A3CFD91EADE340008D50BF /* Ubuntu-Bold.ttf */; };
		90A3CFDE1EADE340008D50BF /* Ubuntu-Light.ttf in Resources */ = {isa = PBXBuildFile; fileRef = 90A3CFDA1EADE340008D50BF /* Ubuntu-Light.ttf */; };
		90A3CFDF1EADE340008D50BF /* Ubuntu-Medium.ttf in Resources */ = {isa = PBXBuildFile; fileRef = 90A3CFDB1EADE340008D50BF /* Ubuntu-Medium.ttf */; };
		90A3CFE01EADE340008D50BF /* Ubuntu-Regular.ttf in Resources */ = {isa = PBXBuildFile; fileRef = 90A3CFDC1EADE340008D50BF /* Ubuntu-Regular.ttf */; };
		90BEAC2220096B3F00439ACA /* ListsVC.swift in Sources */ = {isa = PBXBuildFile; fileRef = 90BEAC2120096B3F00439ACA /* ListsVC.swift */; };
		90BEAC2420096B7600439ACA /* FlipVC.swift in Sources */ = {isa = PBXBuildFile; fileRef = 90BEAC2320096B7600439ACA /* FlipVC.swift */; };
		90BEAC2A200979F800439ACA /* CustomLabel.swift in Sources */ = {isa = PBXBuildFile; fileRef = 90BEAC29200979F800439ACA /* CustomLabel.swift */; };
		90DEBFA92009340200849D06 /* MenuVC.swift in Sources */ = {isa = PBXBuildFile; fileRef = 90DEBFA82009340200849D06 /* MenuVC.swift */; };
		90DEBFAC2009364100849D06 /* Hiragino W8.ttc in Resources */ = {isa = PBXBuildFile; fileRef = 90DEBFAB2009364000849D06 /* Hiragino W8.ttc */; };
		90EBABE71EDD8FD10088C772 /* randomUITests.swift in Sources */ = {isa = PBXBuildFile; fileRef = 90EBABE61EDD8FD10088C772 /* randomUITests.swift */; };
/* End PBXBuildFile section */

/* Begin PBXContainerItemProxy section */
		90EBABE91EDD8FD10088C772 /* PBXContainerItemProxy */ = {
			isa = PBXContainerItemProxy;
			containerPortal = 9019BE5E1E3BB48400DDAE1D /* Project object */;
			proxyType = 1;
			remoteGlobalIDString = 9019BE651E3BB48400DDAE1D;
			remoteInfo = random;
		};
/* End PBXContainerItemProxy section */

/* Begin PBXFileReference section */
		01ABC67D25473D3A00E08B59 /* UIView+Extension.swift */ = {isa = PBXFileReference; lastKnownFileType = sourcecode.swift; path = "UIView+Extension.swift"; sourceTree = "<group>"; };
		9001DEBE1E5F79F2009CEE29 /* GlobalData.swift */ = {isa = PBXFileReference; fileEncoding = 4; lastKnownFileType = sourcecode.swift; path = GlobalData.swift; sourceTree = "<group>"; };
		900A311E1E5E24D800D38D6C /* CustomButton.swift */ = {isa = PBXFileReference; fileEncoding = 4; lastKnownFileType = sourcecode.swift; path = CustomButton.swift; sourceTree = "<group>"; };
		900A31201E5E2BD000D38D6C /* CustomizeVC.swift */ = {isa = PBXFileReference; fileEncoding = 4; lastKnownFileType = sourcecode.swift; path = CustomizeVC.swift; sourceTree = "<group>"; };
		900A31261E5E341600D38D6C /* CustomTextField.swift */ = {isa = PBXFileReference; fileEncoding = 4; lastKnownFileType = sourcecode.swift; path = CustomTextField.swift; sourceTree = "<group>"; };
		9012A5BD20276B5200DAC8DE /* ItemCell.swift */ = {isa = PBXFileReference; lastKnownFileType = sourcecode.swift; path = ItemCell.swift; sourceTree = "<group>"; };
		9019BE661E3BB48400DDAE1D /* random.app */ = {isa = PBXFileReference; explicitFileType = wrapper.application; includeInIndex = 0; path = random.app; sourceTree = BUILT_PRODUCTS_DIR; };
		9019BE691E3BB48400DDAE1D /* AppDelegate.swift */ = {isa = PBXFileReference; lastKnownFileType = sourcecode.swift; path = AppDelegate.swift; sourceTree = "<group>"; };
		9019BE6B1E3BB48400DDAE1D /* NumbersVC.swift */ = {isa = PBXFileReference; lastKnownFileType = sourcecode.swift; path = NumbersVC.swift; sourceTree = "<group>"; };
		9019BE6E1E3BB48400DDAE1D /* Base */ = {isa = PBXFileReference; lastKnownFileType = file.storyboard; name = Base; path = Base.lproj/Main.storyboard; sourceTree = "<group>"; };
		9019BE701E3BB48400DDAE1D /* Assets.xcassets */ = {isa = PBXFileReference; lastKnownFileType = folder.assetcatalog; path = Assets.xcassets; sourceTree = "<group>"; };
		9019BE731E3BB48400DDAE1D /* Base */ = {isa = PBXFileReference; lastKnownFileType = file.storyboard; name = Base; path = Base.lproj/LaunchScreen.storyboard; sourceTree = "<group>"; };
		9019BE751E3BB48400DDAE1D /* Info.plist */ = {isa = PBXFileReference; lastKnownFileType = text.plist.xml; path = Info.plist; sourceTree = "<group>"; };
		906A37A41E60530500FA0AB4 /* IntExtension.swift */ = {isa = PBXFileReference; fileEncoding = 4; lastKnownFileType = sourcecode.swift; path = IntExtension.swift; sourceTree = "<group>"; };
		906A37A61E60641E00FA0AB4 /* Lato-Bold.ttf */ = {isa = PBXFileReference; lastKnownFileType = file; path = "Lato-Bold.ttf"; sourceTree = "<group>"; };
		90A3CFD91EADE340008D50BF /* Ubuntu-Bold.ttf */ = {isa = PBXFileReference; lastKnownFileType = file; path = "Ubuntu-Bold.ttf"; sourceTree = "<group>"; };
		90A3CFDA1EADE340008D50BF /* Ubuntu-Light.ttf */ = {isa = PBXFileReference; lastKnownFileType = file; path = "Ubuntu-Light.ttf"; sourceTree = "<group>"; };
		90A3CFDB1EADE340008D50BF /* Ubuntu-Medium.ttf */ = {isa = PBXFileReference; lastKnownFileType = file; path = "Ubuntu-Medium.ttf"; sourceTree = "<group>"; };
		90A3CFDC1EADE340008D50BF /* Ubuntu-Regular.ttf */ = {isa = PBXFileReference; lastKnownFileType = file; path = "Ubuntu-Regular.ttf"; sourceTree = "<group>"; };
		90BEAC2120096B3F00439ACA /* ListsVC.swift */ = {isa = PBXFileReference; lastKnownFileType = sourcecode.swift; path = ListsVC.swift; sourceTree = "<group>"; };
		90BEAC2320096B7600439ACA /* FlipVC.swift */ = {isa = PBXFileReference; lastKnownFileType = sourcecode.swift; path = FlipVC.swift; sourceTree = "<group>"; };
		90BEAC29200979F800439ACA /* CustomLabel.swift */ = {isa = PBXFileReference; lastKnownFileType = sourcecode.swift; path = CustomLabel.swift; sourceTree = "<group>"; };
		90DEBFA82009340200849D06 /* MenuVC.swift */ = {isa = PBXFileReference; lastKnownFileType = sourcecode.swift; path = MenuVC.swift; sourceTree = "<group>"; };
		90DEBFAB2009364000849D06 /* Hiragino W8.ttc */ = {isa = PBXFileReference; lastKnownFileType = file; path = "Hiragino W8.ttc"; sourceTree = "<group>"; };
		90EBABE41EDD8FD10088C772 /* randomUITests.xctest */ = {isa = PBXFileReference; explicitFileType = wrapper.cfbundle; includeInIndex = 0; path = randomUITests.xctest; sourceTree = BUILT_PRODUCTS_DIR; };
		90EBABE61EDD8FD10088C772 /* randomUITests.swift */ = {isa = PBXFileReference; lastKnownFileType = sourcecode.swift; path = randomUITests.swift; sourceTree = "<group>"; };
		90EBABE81EDD8FD10088C772 /* Info.plist */ = {isa = PBXFileReference; lastKnownFileType = text.plist.xml; path = Info.plist; sourceTree = "<group>"; };
		90F6457F1E47BA6200E45BB4 /* iAd.framework */ = {isa = PBXFileReference; lastKnownFileType = wrapper.framework; name = iAd.framework; path = System/Library/Frameworks/iAd.framework; sourceTree = SDKROOT; };
/* End PBXFileReference section */

/* Begin PBXFrameworksBuildPhase section */
		9019BE631E3BB48400DDAE1D /* Frameworks */ = {
			isa = PBXFrameworksBuildPhase;
			buildActionMask = 2147483647;
			files = (
			);
			runOnlyForDeploymentPostprocessing = 0;
		};
		90EBABE11EDD8FD10088C772 /* Frameworks */ = {
			isa = PBXFrameworksBuildPhase;
			buildActionMask = 2147483647;
			files = (
			);
			runOnlyForDeploymentPostprocessing = 0;
		};
/* End PBXFrameworksBuildPhase section */

/* Begin PBXGroup section */
		01C7F4DD2547257D004D8971 /* Views */ = {
			isa = PBXGroup;
			children = (
				9012A5BD20276B5200DAC8DE /* ItemCell.swift */,
				900A31261E5E341600D38D6C /* CustomTextField.swift */,
				900A311E1E5E24D800D38D6C /* CustomButton.swift */,
				90BEAC29200979F800439ACA /* CustomLabel.swift */,
				01ABC67D25473D3A00E08B59 /* UIView+Extension.swift */,
			);
			name = Views;
			sourceTree = "<group>";
		};
		01C7F4E02547259B004D8971 /* Fonts */ = {
			isa = PBXGroup;
			children = (
				906A37A61E60641E00FA0AB4 /* Lato-Bold.ttf */,
				90A3CFD91EADE340008D50BF /* Ubuntu-Bold.ttf */,
				90A3CFDA1EADE340008D50BF /* Ubuntu-Light.ttf */,
				90A3CFDB1EADE340008D50BF /* Ubuntu-Medium.ttf */,
				90A3CFDC1EADE340008D50BF /* Ubuntu-Regular.ttf */,
				90DEBFAB2009364000849D06 /* Hiragino W8.ttc */,
			);
			name = Fonts;
			sourceTree = "<group>";
		};
		9001DEBD1E5F78E4009CEE29 /* Support Files */ = {
			isa = PBXGroup;
			children = (
				9019BE691E3BB48400DDAE1D /* AppDelegate.swift */,
				9019BE751E3BB48400DDAE1D /* Info.plist */,
			);
			name = "Support Files";
			sourceTree = "<group>";
		};
		900A31221E5E2F6500D38D6C /* UI */ = {
			isa = PBXGroup;
			children = (
				9019BE721E3BB48400DDAE1D /* LaunchScreen.storyboard */,
				9019BE6D1E3BB48400DDAE1D /* Main.storyboard */,
			);
			name = UI;
			sourceTree = "<group>";
		};
		900A31231E5E2F6B00D38D6C /* Model */ = {
			isa = PBXGroup;
			children = (
				9001DEBE1E5F79F2009CEE29 /* GlobalData.swift */,
				906A37A41E60530500FA0AB4 /* IntExtension.swift */,
			);
			name = Model;
			sourceTree = "<group>";
		};
		900A31241E5E2F7300D38D6C /* Controllers */ = {
			isa = PBXGroup;
			children = (
				90DEBFA82009340200849D06 /* MenuVC.swift */,
				9019BE6B1E3BB48400DDAE1D /* NumbersVC.swift */,
				900A31201E5E2BD000D38D6C /* CustomizeVC.swift */,
				90BEAC2120096B3F00439ACA /* ListsVC.swift */,
				90BEAC2320096B7600439ACA /* FlipVC.swift */,
			);
			name = Controllers;
			sourceTree = "<group>";
		};
		9019BE5D1E3BB48400DDAE1D = {
			isa = PBXGroup;
			children = (
				9019BE681E3BB48400DDAE1D /* random */,
				90EBABE51EDD8FD10088C772 /* randomUITests */,
				9019BE671E3BB48400DDAE1D /* Products */,
				90F6457E1E47BA6100E45BB4 /* Frameworks */,
			);
			sourceTree = "<group>";
		};
		9019BE671E3BB48400DDAE1D /* Products */ = {
			isa = PBXGroup;
			children = (
				9019BE661E3BB48400DDAE1D /* random.app */,
				90EBABE41EDD8FD10088C772 /* randomUITests.xctest */,
			);
			name = Products;
			sourceTree = "<group>";
		};
		9019BE681E3BB48400DDAE1D /* random */ = {
			isa = PBXGroup;
			children = (
				900A31221E5E2F6500D38D6C /* UI */,
				9019BE701E3BB48400DDAE1D /* Assets.xcassets */,
				01C7F4DD2547257D004D8971 /* Views */,
				900A31241E5E2F7300D38D6C /* Controllers */,
				900A31231E5E2F6B00D38D6C /* Model */,
				01C7F4E02547259B004D8971 /* Fonts */,
				9001DEBD1E5F78E4009CEE29 /* Support Files */,
			);
			path = random;
			sourceTree = "<group>";
		};
		90EBABE51EDD8FD10088C772 /* randomUITests */ = {
			isa = PBXGroup;
			children = (
				90EBABE61EDD8FD10088C772 /* randomUITests.swift */,
				90EBABE81EDD8FD10088C772 /* Info.plist */,
			);
			path = randomUITests;
			sourceTree = "<group>";
		};
		90F6457E1E47BA6100E45BB4 /* Frameworks */ = {
			isa = PBXGroup;
			children = (
				90F6457F1E47BA6200E45BB4 /* iAd.framework */,
			);
			name = Frameworks;
			sourceTree = "<group>";
		};
/* End PBXGroup section */

/* Begin PBXNativeTarget section */
		9019BE651E3BB48400DDAE1D /* random */ = {
			isa = PBXNativeTarget;
			buildConfigurationList = 9019BE781E3BB48400DDAE1D /* Build configuration list for PBXNativeTarget "random" */;
			buildPhases = (
				9019BE621E3BB48400DDAE1D /* Sources */,
				9019BE631E3BB48400DDAE1D /* Frameworks */,
				9019BE641E3BB48400DDAE1D /* Resources */,
			);
			buildRules = (
			);
			dependencies = (
			);
			name = random;
			productName = random;
			productReference = 9019BE661E3BB48400DDAE1D /* random.app */;
			productType = "com.apple.product-type.application";
		};
		90EBABE31EDD8FD10088C772 /* randomUITests */ = {
			isa = PBXNativeTarget;
			buildConfigurationList = 90EBABED1EDD8FD10088C772 /* Build configuration list for PBXNativeTarget "randomUITests" */;
			buildPhases = (
				90EBABE01EDD8FD10088C772 /* Sources */,
				90EBABE11EDD8FD10088C772 /* Frameworks */,
				90EBABE21EDD8FD10088C772 /* Resources */,
			);
			buildRules = (
			);
			dependencies = (
				90EBABEA1EDD8FD10088C772 /* PBXTargetDependency */,
			);
			name = randomUITests;
			productName = randomUITests;
			productReference = 90EBABE41EDD8FD10088C772 /* randomUITests.xctest */;
			productType = "com.apple.product-type.bundle.ui-testing";
		};
/* End PBXNativeTarget section */

/* Begin PBXProject section */
		9019BE5E1E3BB48400DDAE1D /* Project object */ = {
			isa = PBXProject;
			attributes = {
				LastSwiftUpdateCheck = 0830;
				LastUpgradeCheck = 1200;
				ORGANIZATIONNAME = "Andrii Halabuda";
				TargetAttributes = {
					9019BE651E3BB48400DDAE1D = {
						CreatedOnToolsVersion = 8.2.1;
						DevelopmentTeam = PTRW36GG78;
						LastSwiftMigration = 1200;
						ProvisioningStyle = Automatic;
					};
					90EBABE31EDD8FD10088C772 = {
						CreatedOnToolsVersion = 8.3.2;
						DevelopmentTeam = PTRW36GG78;
						LastSwiftMigration = 1200;
						ProvisioningStyle = Automatic;
						TestTargetID = 9019BE651E3BB48400DDAE1D;
					};
				};
			};
			buildConfigurationList = 9019BE611E3BB48400DDAE1D /* Build configuration list for PBXProject "random" */;
			compatibilityVersion = "Xcode 3.2";
			developmentRegion = en;
			hasScannedForEncodings = 0;
			knownRegions = (
				en,
				Base,
			);
			mainGroup = 9019BE5D1E3BB48400DDAE1D;
			productRefGroup = 9019BE671E3BB48400DDAE1D /* Products */;
			projectDirPath = "";
			projectRoot = "";
			targets = (
				9019BE651E3BB48400DDAE1D /* random */,
				90EBABE31EDD8FD10088C772 /* randomUITests */,
			);
		};
/* End PBXProject section */

/* Begin PBXResourcesBuildPhase section */
		9019BE641E3BB48400DDAE1D /* Resources */ = {
			isa = PBXResourcesBuildPhase;
			buildActionMask = 2147483647;
			files = (
				90A3CFE01EADE340008D50BF /* Ubuntu-Regular.ttf in Resources */,
				90A3CFDD1EADE340008D50BF /* Ubuntu-Bold.ttf in Resources */,
				9019BE741E3BB48400DDAE1D /* LaunchScreen.storyboard in Resources */,
				90DEBFAC2009364100849D06 /* Hiragino W8.ttc in Resources */,
				90A3CFDF1EADE340008D50BF /* Ubuntu-Medium.ttf in Resources */,
				9019BE711E3BB48400DDAE1D /* Assets.xcassets in Resources */,
				9019BE6F1E3BB48400DDAE1D /* Main.storyboard in Resources */,
				90A3CFDE1EADE340008D50BF /* Ubuntu-Light.ttf in Resources */,
				906A37A71E60641E00FA0AB4 /* Lato-Bold.ttf in Resources */,
			);
			runOnlyForDeploymentPostprocessing = 0;
		};
		90EBABE21EDD8FD10088C772 /* Resources */ = {
			isa = PBXResourcesBuildPhase;
			buildActionMask = 2147483647;
			files = (
			);
			runOnlyForDeploymentPostprocessing = 0;
		};
/* End PBXResourcesBuildPhase section */

/* Begin PBXSourcesBuildPhase section */
		9019BE621E3BB48400DDAE1D /* Sources */ = {
			isa = PBXSourcesBuildPhase;
			buildActionMask = 2147483647;
			files = (
				90BEAC2A200979F800439ACA /* CustomLabel.swift in Sources */,
				9012A5BE20276B5200DAC8DE /* ItemCell.swift in Sources */,
				9019BE6C1E3BB48400DDAE1D /* NumbersVC.swift in Sources */,
				900A311F1E5E24D800D38D6C /* CustomButton.swift in Sources */,
				906A37A51E60530500FA0AB4 /* IntExtension.swift in Sources */,
				90BEAC2220096B3F00439ACA /* ListsVC.swift in Sources */,
				01ABC67E25473D3A00E08B59 /* UIView+Extension.swift in Sources */,
				9019BE6A1E3BB48400DDAE1D /* AppDelegate.swift in Sources */,
				900A31271E5E341600D38D6C /* CustomTextField.swift in Sources */,
				90DEBFA92009340200849D06 /* MenuVC.swift in Sources */,
				900A31211E5E2BD000D38D6C /* CustomizeVC.swift in Sources */,
				9001DEBF1E5F79F2009CEE29 /* GlobalData.swift in Sources */,
				90BEAC2420096B7600439ACA /* FlipVC.swift in Sources */,
			);
			runOnlyForDeploymentPostprocessing = 0;
		};
		90EBABE01EDD8FD10088C772 /* Sources */ = {
			isa = PBXSourcesBuildPhase;
			buildActionMask = 2147483647;
			files = (
				90EBABE71EDD8FD10088C772 /* randomUITests.swift in Sources */,
			);
			runOnlyForDeploymentPostprocessing = 0;
		};
/* End PBXSourcesBuildPhase section */

/* Begin PBXTargetDependency section */
		90EBABEA1EDD8FD10088C772 /* PBXTargetDependency */ = {
			isa = PBXTargetDependency;
			target = 9019BE651E3BB48400DDAE1D /* random */;
			targetProxy = 90EBABE91EDD8FD10088C772 /* PBXContainerItemProxy */;
		};
/* End PBXTargetDependency section */

/* Begin PBXVariantGroup section */
		9019BE6D1E3BB48400DDAE1D /* Main.storyboard */ = {
			isa = PBXVariantGroup;
			children = (
				9019BE6E1E3BB48400DDAE1D /* Base */,
			);
			name = Main.storyboard;
			sourceTree = "<group>";
		};
		9019BE721E3BB48400DDAE1D /* LaunchScreen.storyboard */ = {
			isa = PBXVariantGroup;
			children = (
				9019BE731E3BB48400DDAE1D /* Base */,
			);
			name = LaunchScreen.storyboard;
			sourceTree = "<group>";
		};
/* End PBXVariantGroup section */

/* Begin XCBuildConfiguration section */
		9019BE761E3BB48400DDAE1D /* Debug */ = {
			isa = XCBuildConfiguration;
			buildSettings = {
				ALWAYS_SEARCH_USER_PATHS = NO;
				CLANG_ANALYZER_LOCALIZABILITY_NONLOCALIZED = YES;
				CLANG_ANALYZER_NONNULL = YES;
				CLANG_CXX_LANGUAGE_STANDARD = "gnu++0x";
				CLANG_CXX_LIBRARY = "libc++";
				CLANG_ENABLE_MODULES = YES;
				CLANG_ENABLE_OBJC_ARC = YES;
				CLANG_WARN_BLOCK_CAPTURE_AUTORELEASING = YES;
				CLANG_WARN_BOOL_CONVERSION = YES;
				CLANG_WARN_COMMA = YES;
				CLANG_WARN_CONSTANT_CONVERSION = YES;
				CLANG_WARN_DEPRECATED_OBJC_IMPLEMENTATIONS = YES;
				CLANG_WARN_DIRECT_OBJC_ISA_USAGE = YES_ERROR;
				CLANG_WARN_DOCUMENTATION_COMMENTS = YES;
				CLANG_WARN_EMPTY_BODY = YES;
				CLANG_WARN_ENUM_CONVERSION = YES;
				CLANG_WARN_INFINITE_RECURSION = YES;
				CLANG_WARN_INT_CONVERSION = YES;
				CLANG_WARN_NON_LITERAL_NULL_CONVERSION = YES;
				CLANG_WARN_OBJC_IMPLICIT_RETAIN_SELF = YES;
				CLANG_WARN_OBJC_LITERAL_CONVERSION = YES;
				CLANG_WARN_OBJC_ROOT_CLASS = YES_ERROR;
				CLANG_WARN_QUOTED_INCLUDE_IN_FRAMEWORK_HEADER = YES;
				CLANG_WARN_RANGE_LOOP_ANALYSIS = YES;
				CLANG_WARN_STRICT_PROTOTYPES = YES;
				CLANG_WARN_SUSPICIOUS_MOVE = YES;
				CLANG_WARN_UNREACHABLE_CODE = YES;
				CLANG_WARN__DUPLICATE_METHOD_MATCH = YES;
				"CODE_SIGN_IDENTITY[sdk=iphoneos*]" = "iPhone Developer";
				COPY_PHASE_STRIP = NO;
				DEBUG_INFORMATION_FORMAT = dwarf;
				ENABLE_STRICT_OBJC_MSGSEND = YES;
				ENABLE_TESTABILITY = YES;
				GCC_C_LANGUAGE_STANDARD = gnu99;
				GCC_DYNAMIC_NO_PIC = NO;
				GCC_NO_COMMON_BLOCKS = YES;
				GCC_OPTIMIZATION_LEVEL = 0;
				GCC_PREPROCESSOR_DEFINITIONS = (
					"DEBUG=1",
					"$(inherited)",
				);
				GCC_WARN_64_TO_32_BIT_CONVERSION = YES;
				GCC_WARN_ABOUT_RETURN_TYPE = YES_ERROR;
				GCC_WARN_UNDECLARED_SELECTOR = YES;
				GCC_WARN_UNINITIALIZED_AUTOS = YES_AGGRESSIVE;
				GCC_WARN_UNUSED_FUNCTION = YES;
				GCC_WARN_UNUSED_VARIABLE = YES;
				IPHONEOS_DEPLOYMENT_TARGET = 12.0;
				MTL_ENABLE_DEBUG_INFO = YES;
				ONLY_ACTIVE_ARCH = YES;
				SDKROOT = iphoneos;
				SWIFT_ACTIVE_COMPILATION_CONDITIONS = DEBUG;
				SWIFT_OPTIMIZATION_LEVEL = "-Onone";
				SWIFT_VERSION = 5.0;
				TARGETED_DEVICE_FAMILY = "1,2";
			};
			name = Debug;
		};
		9019BE771E3BB48400DDAE1D /* Release */ = {
			isa = XCBuildConfiguration;
			buildSettings = {
				ALWAYS_SEARCH_USER_PATHS = NO;
				CLANG_ANALYZER_LOCALIZABILITY_NONLOCALIZED = YES;
				CLANG_ANALYZER_NONNULL = YES;
				CLANG_CXX_LANGUAGE_STANDARD = "gnu++0x";
				CLANG_CXX_LIBRARY = "libc++";
				CLANG_ENABLE_MODULES = YES;
				CLANG_ENABLE_OBJC_ARC = YES;
				CLANG_WARN_BLOCK_CAPTURE_AUTORELEASING = YES;
				CLANG_WARN_BOOL_CONVERSION = YES;
				CLANG_WARN_COMMA = YES;
				CLANG_WARN_CONSTANT_CONVERSION = YES;
				CLANG_WARN_DEPRECATED_OBJC_IMPLEMENTATIONS = YES;
				CLANG_WARN_DIRECT_OBJC_ISA_USAGE = YES_ERROR;
				CLANG_WARN_DOCUMENTATION_COMMENTS = YES;
				CLANG_WARN_EMPTY_BODY = YES;
				CLANG_WARN_ENUM_CONVERSION = YES;
				CLANG_WARN_INFINITE_RECURSION = YES;
				CLANG_WARN_INT_CONVERSION = YES;
				CLANG_WARN_NON_LITERAL_NULL_CONVERSION = YES;
				CLANG_WARN_OBJC_IMPLICIT_RETAIN_SELF = YES;
				CLANG_WARN_OBJC_LITERAL_CONVERSION = YES;
				CLANG_WARN_OBJC_ROOT_CLASS = YES_ERROR;
				CLANG_WARN_QUOTED_INCLUDE_IN_FRAMEWORK_HEADER = YES;
				CLANG_WARN_RANGE_LOOP_ANALYSIS = YES;
				CLANG_WARN_STRICT_PROTOTYPES = YES;
				CLANG_WARN_SUSPICIOUS_MOVE = YES;
				CLANG_WARN_UNREACHABLE_CODE = YES;
				CLANG_WARN__DUPLICATE_METHOD_MATCH = YES;
				"CODE_SIGN_IDENTITY[sdk=iphoneos*]" = "iPhone Developer";
				COPY_PHASE_STRIP = NO;
				DEBUG_INFORMATION_FORMAT = "dwarf-with-dsym";
				ENABLE_NS_ASSERTIONS = NO;
				ENABLE_STRICT_OBJC_MSGSEND = YES;
				GCC_C_LANGUAGE_STANDARD = gnu99;
				GCC_NO_COMMON_BLOCKS = YES;
				GCC_WARN_64_TO_32_BIT_CONVERSION = YES;
				GCC_WARN_ABOUT_RETURN_TYPE = YES_ERROR;
				GCC_WARN_UNDECLARED_SELECTOR = YES;
				GCC_WARN_UNINITIALIZED_AUTOS = YES_AGGRESSIVE;
				GCC_WARN_UNUSED_FUNCTION = YES;
				GCC_WARN_UNUSED_VARIABLE = YES;
				IPHONEOS_DEPLOYMENT_TARGET = 12.0;
				MTL_ENABLE_DEBUG_INFO = NO;
				SDKROOT = iphoneos;
				SWIFT_OPTIMIZATION_LEVEL = "-Owholemodule";
				SWIFT_VERSION = 5.0;
				TARGETED_DEVICE_FAMILY = "1,2";
				VALIDATE_PRODUCT = YES;
			};
			name = Release;
		};
		9019BE791E3BB48400DDAE1D /* Debug */ = {
			isa = XCBuildConfiguration;
			buildSettings = {
				ASSETCATALOG_COMPILER_APPICON_NAME = AppIcon;
				CLANG_ENABLE_MODULES = YES;
				CODE_SIGN_IDENTITY = "Apple Development";
				"CODE_SIGN_IDENTITY[sdk=iphoneos*]" = "iPhone Developer";
				CODE_SIGN_STYLE = Automatic;
				CURRENT_PROJECT_VERSION = 25;
				DEVELOPMENT_TEAM = PTRW36GG78;
				INFOPLIST_FILE = random/Info.plist;
				IPHONEOS_DEPLOYMENT_TARGET = 12.0;
				LD_RUNPATH_SEARCH_PATHS = "$(inherited) @executable_path/Frameworks";
				MARKETING_VERSION = 4.1;
				PRODUCT_BUNDLE_IDENTIFIER = com.losAngelesBoy.random;
				PRODUCT_NAME = "$(TARGET_NAME)";
				PROVISIONING_PROFILE_SPECIFIER = "";
				SWIFT_OPTIMIZATION_LEVEL = "-Onone";
				SWIFT_SWIFT3_OBJC_INFERENCE = Default;
				SWIFT_VERSION = 5.0;
			};
			name = Debug;
		};
		9019BE7A1E3BB48400DDAE1D /* Release */ = {
			isa = XCBuildConfiguration;
			buildSettings = {
				ASSETCATALOG_COMPILER_APPICON_NAME = AppIcon;
				CLANG_ENABLE_MODULES = YES;
				CODE_SIGN_IDENTITY = "Apple Development";
				"CODE_SIGN_IDENTITY[sdk=iphoneos*]" = "iPhone Distribution";
				CODE_SIGN_STYLE = Manual;
				CURRENT_PROJECT_VERSION = 25;
				DEVELOPMENT_TEAM = PTRW36GG78;
				INFOPLIST_FILE = random/Info.plist;
				IPHONEOS_DEPLOYMENT_TARGET = 12.0;
				LD_RUNPATH_SEARCH_PATHS = "$(inherited) @executable_path/Frameworks";
				MARKETING_VERSION = 4.1;
				PRODUCT_BUNDLE_IDENTIFIER = com.losAngelesBoy.random;
				PRODUCT_NAME = "$(TARGET_NAME)";
				PROVISIONING_PROFILE_SPECIFIER = RandomAppDistributionProfile;
				SWIFT_SWIFT3_OBJC_INFERENCE = Default;
				SWIFT_VERSION = 5.0;
			};
			name = Release;
		};
		90EBABEB1EDD8FD10088C772 /* Debug */ = {
			isa = XCBuildConfiguration;
			buildSettings = {
				CLANG_ANALYZER_NUMBER_OBJECT_CONVERSION = YES_AGGRESSIVE;
				"CODE_SIGN_IDENTITY[sdk=iphoneos*]" = "iPhone Developer";
				DEVELOPMENT_TEAM = PTRW36GG78;
				INFOPLIST_FILE = randomUITests/Info.plist;
				IPHONEOS_DEPLOYMENT_TARGET = 12.0;
				LD_RUNPATH_SEARCH_PATHS = "$(inherited) @executable_path/Frameworks @loader_path/Frameworks";
				PRODUCT_BUNDLE_IDENTIFIER = com.losAngelesBoy.randomUITests;
				PRODUCT_NAME = "$(TARGET_NAME)";
				PROVISIONING_PROFILE = "";
				PROVISIONING_PROFILE_SPECIFIER = "";
				SWIFT_SWIFT3_OBJC_INFERENCE = Default;
				SWIFT_VERSION = 5.0;
				TEST_TARGET_NAME = random;
			};
			name = Debug;
		};
		90EBABEC1EDD8FD10088C772 /* Release */ = {
			isa = XCBuildConfiguration;
			buildSettings = {
				CLANG_ANALYZER_NUMBER_OBJECT_CONVERSION = YES_AGGRESSIVE;
				"CODE_SIGN_IDENTITY[sdk=iphoneos*]" = "iPhone Developer";
				DEVELOPMENT_TEAM = PTRW36GG78;
				INFOPLIST_FILE = randomUITests/Info.plist;
				IPHONEOS_DEPLOYMENT_TARGET = 12.0;
				LD_RUNPATH_SEARCH_PATHS = "$(inherited) @executable_path/Frameworks @loader_path/Frameworks";
				PRODUCT_BUNDLE_IDENTIFIER = com.losAngelesBoy.randomUITests;
				PRODUCT_NAME = "$(TARGET_NAME)";
				PROVISIONING_PROFILE = "";
				PROVISIONING_PROFILE_SPECIFIER = "";
				SWIFT_SWIFT3_OBJC_INFERENCE = Default;
				SWIFT_VERSION = 5.0;
				TEST_TARGET_NAME = random;
			};
			name = Release;
		};
/* End XCBuildConfiguration section */

/* Begin XCConfigurationList section */
		9019BE611E3BB48400DDAE1D /* Build configuration list for PBXProject "random" */ = {
			isa = XCConfigurationList;
			buildConfigurations = (
				9019BE761E3BB48400DDAE1D /* Debug */,
				9019BE771E3BB48400DDAE1D /* Release */,
			);
			defaultConfigurationIsVisible = 0;
			defaultConfigurationName = Release;
		};
		9019BE781E3BB48400DDAE1D /* Build configuration list for PBXNativeTarget "random" */ = {
			isa = XCConfigurationList;
			buildConfigurations = (
				9019BE791E3BB48400DDAE1D /* Debug */,
				9019BE7A1E3BB48400DDAE1D /* Release */,
			);
			defaultConfigurationIsVisible = 0;
			defaultConfigurationName = Release;
		};
		90EBABED1EDD8FD10088C772 /* Build configuration list for PBXNativeTarget "randomUITests" */ = {
			isa = XCConfigurationList;
			buildConfigurations = (
				90EBABEB1EDD8FD10088C772 /* Debug */,
				90EBABEC1EDD8FD10088C772 /* Release */,
			);
			defaultConfigurationIsVisible = 0;
			defaultConfigurationName = Release;
		};
/* End XCConfigurationList section */
	};
	rootObject = 9019BE5E1E3BB48400DDAE1D /* Project object */;
}
